
Microsoft Visual Studio Solution File, Format Version 12.00
# Visual Studio Version 17
VisualStudioVersion = 17.9.34607.119
MinimumVisualStudioVersion = 10.0.40219.1
Project("{2150E333-8FDC-42A3-9474-1A3956D46DE8}") = "src", "src", "{0A94B5CF-4EAB-4DC2-A63D-E07AF5493FF1}"
EndProject
Project("{FAE04EC0-301F-11D3-BF4B-00C04F79EFBC}") = "Comentarios.API", "src\Comentarios.API\Comentarios.API.csproj", "{CB8977DC-22D6-4E6B-8314-7D1D5A706775}"
EndProject
Project("{2150E333-8FDC-42A3-9474-1A3956D46DE8}") = "Itens de Solução", "Itens de Solução", "{FDA33E92-09BC-403D-B5AD-2738CB660464}"
	ProjectSection(SolutionItems) = preProject
		docker-compose.yml = docker-compose.yml
		dockerfile = dockerfile
	EndProjectSection
EndProject
Global
	GlobalSection(SolutionConfigurationPlatforms) = preSolution
		Debug|Any CPU = Debug|Any CPU
		Release|Any CPU = Release|Any CPU
	EndGlobalSection
	GlobalSection(ProjectConfigurationPlatforms) = postSolution
		{CB8977DC-22D6-4E6B-8314-7D1D5A706775}.Debug|Any CPU.ActiveCfg = Debug|Any CPU
		{CB8977DC-22D6-4E6B-8314-7D1D5A706775}.Debug|Any CPU.Build.0 = Debug|Any CPU
		{CB8977DC-22D6-4E6B-8314-7D1D5A706775}.Release|Any CPU.ActiveCfg = Release|Any CPU
		{CB8977DC-22D6-4E6B-8314-7D1D5A706775}.Release|Any CPU.Build.0 = Release|Any CPU
	EndGlobalSection
	GlobalSection(SolutionProperties) = preSolution
		HideSolutionNode = FALSE
	EndGlobalSection
	GlobalSection(NestedProjects) = preSolution
		{CB8977DC-22D6-4E6B-8314-7D1D5A706775} = {0A94B5CF-4EAB-4DC2-A63D-E07AF5493FF1}
	EndGlobalSection
	GlobalSection(ExtensibilityGlobals) = postSolution
		SolutionGuid = {D7EF36CB-EC9C-4C38-94C2-AE26F08A15DF}
	EndGlobalSection
EndGlobal
